
Microsoft Visual Studio Solution File, Format Version 12.00
# Visual Studio 15
VisualStudioVersion = 15.0.27428.2043
MinimumVisualStudioVersion = 10.0.40219.1
Project("{FAE04EC0-301F-11D3-BF4B-00C04F79EFBC}") = "Bytepad 3.0", "Bytepad 3.0\Bytepad 3.0.csproj", "{D7F9BF3F-6C61-4E7B-B301-93BAC8ED49BD}"
EndProject
Global
	GlobalSection(SolutionConfigurationPlatforms) = preSolution
		Debug|Any CPU = Debug|Any CPU
		Release|Any CPU = Release|Any CPU
	EndGlobalSection
	GlobalSection(ProjectConfigurationPlatforms) = postSolution
		{D7F9BF3F-6C61-4E7B-B301-93BAC8ED49BD}.Debug|Any CPU.ActiveCfg = Debug|Any CPU
		{D7F9BF3F-6C61-4E7B-B301-93BAC8ED49BD}.Debug|Any CPU.Build.0 = Debug|Any CPU
		{D7F9BF3F-6C61-4E7B-B301-93BAC8ED49BD}.Release|Any CPU.ActiveCfg = Release|Any CPU
		{D7F9BF3F-6C61-4E7B-B301-93BAC8ED49BD}.Release|Any CPU.Build.0 = Release|Any CPU
	EndGlobalSection
	GlobalSection(SolutionProperties) = preSolution
		HideSolutionNode = FALSE
	EndGlobalSection
	GlobalSection(ExtensibilityGlobals) = postSolution
		SolutionGuid = {8477BA69-1B7E-43B9-A4B1-8F6B3A563B36}
	EndGlobalSection
EndGlobal
